
Microsoft Visual Studio Solution File, Format Version 12.00
# Visual Studio 15
VisualStudioVersion = 15.0.27428.2027
MinimumVisualStudioVersion = 10.0.40219.1
Project("{FAE04EC0-301F-11D3-BF4B-00C04F79EFBC}") = "CodicsTask", "ConsoleApp47\CodicsTask.csproj", "{ABB3FC33-D8BC-4CDA-98E0-17476B5E072A}"
EndProject
Global
	GlobalSection(SolutionConfigurationPlatforms) = preSolution
		Debug|Any CPU = Debug|Any CPU
		Release|Any CPU = Release|Any CPU
	EndGlobalSection
	GlobalSection(ProjectConfigurationPlatforms) = postSolution
		{ABB3FC33-D8BC-4CDA-98E0-17476B5E072A}.Debug|Any CPU.ActiveCfg = Debug|Any CPU
		{ABB3FC33-D8BC-4CDA-98E0-17476B5E072A}.Debug|Any CPU.Build.0 = Debug|Any CPU
		{ABB3FC33-D8BC-4CDA-98E0-17476B5E072A}.Release|Any CPU.ActiveCfg = Release|Any CPU
		{ABB3FC33-D8BC-4CDA-98E0-17476B5E072A}.Release|Any CPU.Build.0 = Release|Any CPU
	EndGlobalSection
	GlobalSection(SolutionProperties) = preSolution
		HideSolutionNode = FALSE
	EndGlobalSection
	GlobalSection(ExtensibilityGlobals) = postSolution
		SolutionGuid = {EAB05208-E382-4F15-AC83-978555920FA6}
	EndGlobalSection
EndGlobal
